
Microsoft Visual Studio Solution File, Format Version 12.00
# Visual Studio Version 16
VisualStudioVersion = 16.0.29519.87
MinimumVisualStudioVersion = 10.0.40219.1
Project("{2150E333-8FDC-42A3-9474-1A3956D46DE8}") = "Data", "Data", "{4333E58F-C3E2-4906-AFA5-8AB46697F3B0}"
EndProject
Project("{2150E333-8FDC-42A3-9474-1A3956D46DE8}") = "Web", "Web", "{C796A4E8-C491-4C9C-B1D4-7CF9A3298929}"
EndProject
Project("{2150E333-8FDC-42A3-9474-1A3956D46DE8}") = "Common", "Common", "{473F0FC5-D423-4E69-BE94-B6B96A97B988}"
EndProject
Project("{2150E333-8FDC-42A3-9474-1A3956D46DE8}") = "Services", "Services", "{2044C849-0BA2-4705-8825-12FC25012332}"
EndProject
Project("{9A19103F-16F7-4668-BE54-9A1E7A4F7556}") = "WunFord", "Web\WunFord\WunFord.csproj", "{E23C9553-AE39-4B4D-8390-4ED77DF6A35A}"
EndProject
Project("{9A19103F-16F7-4668-BE54-9A1E7A4F7556}") = "WunFord.Data", "Data\WunFord.Data\WunFord.Data.csproj", "{A6ABD61F-8DEB-45EE-9B91-8220D4C3B1DD}"
EndProject
Project("{9A19103F-16F7-4668-BE54-9A1E7A4F7556}") = "WunFord.Data.Models", "Data\WunFord.Data.Models\WunFord.Data.Models.csproj", "{47D21FEF-2947-4229-95EE-0815D1929F00}"
EndProject
Project("{9A19103F-16F7-4668-BE54-9A1E7A4F7556}") = "WunFord.Data.ViewModels", "Data\WunFord.Data.ViewModels\WunFord.Data.ViewModels.csproj", "{070C8F2D-E097-439A-ABA8-A4F731543A49}"
EndProject
Project("{9A19103F-16F7-4668-BE54-9A1E7A4F7556}") = "WunFord.AutoMapper", "Services\WunFord.AutoMapper\WunFord.AutoMapper.csproj", "{9A9B44F8-E9B1-4844-BF09-47D74E38A51E}"
EndProject
Project("{9A19103F-16F7-4668-BE54-9A1E7A4F7556}") = "WunFord.Services", "Services\WunFord.Services\WunFord.Services.csproj", "{578BE9DC-474B-4BF8-A95C-95AA2E1267E7}"
EndProject
Project("{9A19103F-16F7-4668-BE54-9A1E7A4F7556}") = "WunFord.Common", "Common\WunFord.Common\WunFord.Common.csproj", "{9829A797-16C6-4BA8-A98E-294A5FCD8B82}"
EndProject
Global
	GlobalSection(SolutionConfigurationPlatforms) = preSolution
		Debug|Any CPU = Debug|Any CPU
		Release|Any CPU = Release|Any CPU
	EndGlobalSection
	GlobalSection(ProjectConfigurationPlatforms) = postSolution
		{E23C9553-AE39-4B4D-8390-4ED77DF6A35A}.Debug|Any CPU.ActiveCfg = Debug|Any CPU
		{E23C9553-AE39-4B4D-8390-4ED77DF6A35A}.Debug|Any CPU.Build.0 = Debug|Any CPU
		{E23C9553-AE39-4B4D-8390-4ED77DF6A35A}.Release|Any CPU.ActiveCfg = Release|Any CPU
		{E23C9553-AE39-4B4D-8390-4ED77DF6A35A}.Release|Any CPU.Build.0 = Release|Any CPU
		{A6ABD61F-8DEB-45EE-9B91-8220D4C3B1DD}.Debug|Any CPU.ActiveCfg = Debug|Any CPU
		{A6ABD61F-8DEB-45EE-9B91-8220D4C3B1DD}.Debug|Any CPU.Build.0 = Debug|Any CPU
		{A6ABD61F-8DEB-45EE-9B91-8220D4C3B1DD}.Release|Any CPU.ActiveCfg = Release|Any CPU
		{A6ABD61F-8DEB-45EE-9B91-8220D4C3B1DD}.Release|Any CPU.Build.0 = Release|Any CPU
		{47D21FEF-2947-4229-95EE-0815D1929F00}.Debug|Any CPU.ActiveCfg = Debug|Any CPU
		{47D21FEF-2947-4229-95EE-0815D1929F00}.Debug|Any CPU.Build.0 = Debug|Any CPU
		{47D21FEF-2947-4229-95EE-0815D1929F00}.Release|Any CPU.ActiveCfg = Release|Any CPU
		{47D21FEF-2947-4229-95EE-0815D1929F00}.Release|Any CPU.Build.0 = Release|Any CPU
		{070C8F2D-E097-439A-ABA8-A4F731543A49}.Debug|Any CPU.ActiveCfg = Debug|Any CPU
		{070C8F2D-E097-439A-ABA8-A4F731543A49}.Debug|Any CPU.Build.0 = Debug|Any CPU
		{070C8F2D-E097-439A-ABA8-A4F731543A49}.Release|Any CPU.ActiveCfg = Release|Any CPU
		{070C8F2D-E097-439A-ABA8-A4F731543A49}.Release|Any CPU.Build.0 = Release|Any CPU
		{9A9B44F8-E9B1-4844-BF09-47D74E38A51E}.Debug|Any CPU.ActiveCfg = Debug|Any CPU
		{9A9B44F8-E9B1-4844-BF09-47D74E38A51E}.Debug|Any CPU.Build.0 = Debug|Any CPU
		{9A9B44F8-E9B1-4844-BF09-47D74E38A51E}.Release|Any CPU.ActiveCfg = Release|Any CPU
		{9A9B44F8-E9B1-4844-BF09-47D74E38A51E}.Release|Any CPU.Build.0 = Release|Any CPU
		{578BE9DC-474B-4BF8-A95C-95AA2E1267E7}.Debug|Any CPU.ActiveCfg = Debug|Any CPU
		{578BE9DC-474B-4BF8-A95C-95AA2E1267E7}.Debug|Any CPU.Build.0 = Debug|Any CPU
		{578BE9DC-474B-4BF8-A95C-95AA2E1267E7}.Release|Any CPU.ActiveCfg = Release|Any CPU
		{578BE9DC-474B-4BF8-A95C-95AA2E1267E7}.Release|Any CPU.Build.0 = Release|Any CPU
		{9829A797-16C6-4BA8-A98E-294A5FCD8B82}.Debug|Any CPU.ActiveCfg = Debug|Any CPU
		{9829A797-16C6-4BA8-A98E-294A5FCD8B82}.Debug|Any CPU.Build.0 = Debug|Any CPU
		{9829A797-16C6-4BA8-A98E-294A5FCD8B82}.Release|Any CPU.ActiveCfg = Release|Any CPU
		{9829A797-16C6-4BA8-A98E-294A5FCD8B82}.Release|Any CPU.Build.0 = Release|Any CPU
	EndGlobalSection
	GlobalSection(SolutionProperties) = preSolution
		HideSolutionNode = FALSE
	EndGlobalSection
	GlobalSection(NestedProjects) = preSolution
		{E23C9553-AE39-4B4D-8390-4ED77DF6A35A} = {C796A4E8-C491-4C9C-B1D4-7CF9A3298929}
		{A6ABD61F-8DEB-45EE-9B91-8220D4C3B1DD} = {4333E58F-C3E2-4906-AFA5-8AB46697F3B0}
		{47D21FEF-2947-4229-95EE-0815D1929F00} = {4333E58F-C3E2-4906-AFA5-8AB46697F3B0}
		{070C8F2D-E097-439A-ABA8-A4F731543A49} = {4333E58F-C3E2-4906-AFA5-8AB46697F3B0}
		{9A9B44F8-E9B1-4844-BF09-47D74E38A51E} = {2044C849-0BA2-4705-8825-12FC25012332}
		{578BE9DC-474B-4BF8-A95C-95AA2E1267E7} = {2044C849-0BA2-4705-8825-12FC25012332}
		{9829A797-16C6-4BA8-A98E-294A5FCD8B82} = {473F0FC5-D423-4E69-BE94-B6B96A97B988}
	EndGlobalSection
	GlobalSection(ExtensibilityGlobals) = postSolution
		SolutionGuid = {50F213C7-6856-4B76-8D0F-D611F3B86934}
	EndGlobalSection
EndGlobal
